
Microsoft Visual Studio Solution File, Format Version 12.00
# Visual Studio Version 16
VisualStudioVersion = 16.0.31321.278
MinimumVisualStudioVersion = 10.0.40219.1
Project("{FAE04EC0-301F-11D3-BF4B-00C04F79EFBC}") = "ProyectoFinal", "ProyectoFinal\ProyectoFinal.csproj", "{9B196324-7824-4DC8-A476-0234106C9CE2}"
EndProject
Project("{00D1A9C2-B5F0-4AF3-8072-F6C62B433612}") = "BaseDeDatos", "BaseDeDatos\BaseDeDatos.sqlproj", "{AE40E28C-72C7-4446-9B92-7AAD610DB510}"
EndProject
Project("{FAE04EC0-301F-11D3-BF4B-00C04F79EFBC}") = "BD", "BD\BD.csproj", "{51829C65-DAA7-45B8-B446-D3EFD0B2BD38}"
EndProject
Project("{FAE04EC0-301F-11D3-BF4B-00C04F79EFBC}") = "Entity", "Entity\Entity.csproj", "{AA152DBB-C82E-4B58-AD0A-385A8C12484F}"
EndProject
Project("{FAE04EC0-301F-11D3-BF4B-00C04F79EFBC}") = "WBL", "WBL\WBL.csproj", "{65AF077A-F869-4A25-A5FA-F8DD4A85642C}"
EndProject
Global
	GlobalSection(SolutionConfigurationPlatforms) = preSolution
		Debug|Any CPU = Debug|Any CPU
		Release|Any CPU = Release|Any CPU
	EndGlobalSection
	GlobalSection(ProjectConfigurationPlatforms) = postSolution
		{9B196324-7824-4DC8-A476-0234106C9CE2}.Debug|Any CPU.ActiveCfg = Debug|Any CPU
		{9B196324-7824-4DC8-A476-0234106C9CE2}.Debug|Any CPU.Build.0 = Debug|Any CPU
		{9B196324-7824-4DC8-A476-0234106C9CE2}.Release|Any CPU.ActiveCfg = Release|Any CPU
		{9B196324-7824-4DC8-A476-0234106C9CE2}.Release|Any CPU.Build.0 = Release|Any CPU
		{AE40E28C-72C7-4446-9B92-7AAD610DB510}.Debug|Any CPU.ActiveCfg = Debug|Any CPU
		{AE40E28C-72C7-4446-9B92-7AAD610DB510}.Debug|Any CPU.Build.0 = Debug|Any CPU
		{AE40E28C-72C7-4446-9B92-7AAD610DB510}.Debug|Any CPU.Deploy.0 = Debug|Any CPU
		{AE40E28C-72C7-4446-9B92-7AAD610DB510}.Release|Any CPU.ActiveCfg = Release|Any CPU
		{AE40E28C-72C7-4446-9B92-7AAD610DB510}.Release|Any CPU.Build.0 = Release|Any CPU
		{AE40E28C-72C7-4446-9B92-7AAD610DB510}.Release|Any CPU.Deploy.0 = Release|Any CPU
		{51829C65-DAA7-45B8-B446-D3EFD0B2BD38}.Debug|Any CPU.ActiveCfg = Debug|Any CPU
		{51829C65-DAA7-45B8-B446-D3EFD0B2BD38}.Debug|Any CPU.Build.0 = Debug|Any CPU
		{51829C65-DAA7-45B8-B446-D3EFD0B2BD38}.Release|Any CPU.ActiveCfg = Release|Any CPU
		{51829C65-DAA7-45B8-B446-D3EFD0B2BD38}.Release|Any CPU.Build.0 = Release|Any CPU
		{AA152DBB-C82E-4B58-AD0A-385A8C12484F}.Debug|Any CPU.ActiveCfg = Debug|Any CPU
		{AA152DBB-C82E-4B58-AD0A-385A8C12484F}.Debug|Any CPU.Build.0 = Debug|Any CPU
		{AA152DBB-C82E-4B58-AD0A-385A8C12484F}.Release|Any CPU.ActiveCfg = Release|Any CPU
		{AA152DBB-C82E-4B58-AD0A-385A8C12484F}.Release|Any CPU.Build.0 = Release|Any CPU
		{65AF077A-F869-4A25-A5FA-F8DD4A85642C}.Debug|Any CPU.ActiveCfg = Debug|Any CPU
		{65AF077A-F869-4A25-A5FA-F8DD4A85642C}.Debug|Any CPU.Build.0 = Debug|Any CPU
		{65AF077A-F869-4A25-A5FA-F8DD4A85642C}.Release|Any CPU.ActiveCfg = Release|Any CPU
		{65AF077A-F869-4A25-A5FA-F8DD4A85642C}.Release|Any CPU.Build.0 = Release|Any CPU
	EndGlobalSection
	GlobalSection(SolutionProperties) = preSolution
		HideSolutionNode = FALSE
	EndGlobalSection
	GlobalSection(ExtensibilityGlobals) = postSolution
		SolutionGuid = {44935FDD-EA2C-4499-8818-FF27C0B4D63D}
	EndGlobalSection
EndGlobal
